Microsoft Visual Studio Solution File, Format Version 12.00
# Visual Studio Version 17
VisualStudioVersion = 17.0.31912.275
MinimumVisualStudioVersion = 10.0.40219.1
Project("{2150E333-8FDC-42A3-9474-1A3956D46DE8}") = "src", "src", "{62949E45-F82C-4CE5-8A02-2E931FC25D2A}"
EndProject
Project("{2150E333-8FDC-42A3-9474-1A3956D46DE8}") = "tests", "tests", "{78E15E9E-FB0E-484F-859B-C49877D9E3BD}"
EndProject
Project("{9A19103F-16F7-4668-BE54-9A1E7A4F7556}") = "Fed.Core.Services", "src\Fed.Core.Services\Fed.Core.Services.csproj", "{C9B830D6-FB67-435E-96E7-41A9C25756BE}"
EndProject
Project("{9A19103F-16F7-4668-BE54-9A1E7A4F7556}") = "Fed.Web.SupplierPortal", "src\Fed.Web.SupplierPortal\Fed.Web.SupplierPortal.csproj", "{88540771-D20E-4B97-B7C6-175E022D3151}"
EndProject
Project("{9A19103F-16F7-4668-BE54-9A1E7A4F7556}") = "Fed.Label.Printing.App", "src\Fed.Label.Printing.App\Fed.Label.Printing.App.csproj", "{AC806703-DDC5-4129-98EC-51E7C496B4FD}"
EndProject
Project("{9A19103F-16F7-4668-BE54-9A1E7A4F7556}") = "Fed.Data.Migration", "src\Fed.Data.Migration\Fed.Data.Migration.csproj", "{F55E9E89-FA71-4A4D-B6DD-89D5D6180C76}"
EndProject
Project("{9A19103F-16F7-4668-BE54-9A1E7A4F7556}") = "Fed.Data.ProductsImport", "src\Fed.Data.ProductsImport\Fed.Data.ProductsImport.csproj", "{E080D966-65DB-4B21-B30E-E06123CDB5BC}"
EndProject
Project("{9A19103F-16F7-4668-BE54-9A1E7A4F7556}") = "Fed.Api.External", "src\Fed.Api.External\Fed.Api.External.csproj", "{386A0926-E05F-4A51-BB62-3B8CA4857649}"
EndProject
Project("{9A19103F-16F7-4668-BE54-9A1E7A4F7556}") = "Fed.Core", "src\Fed.Core\Fed.Core.csproj", "{A37DD6CC-5ABD-41E2-A55B-C7C216DA62F2}"
EndProject
Project("{9A19103F-16F7-4668-BE54-9A1E7A4F7556}") = "Fed.Web.Portal", "src\Fed.Web.Portal\Fed.Web.Portal.csproj", "{D85A6EAA-A8FF-4940-90C1-AC63663125EE}"
EndProject
Project("{9A19103F-16F7-4668-BE54-9A1E7A4F7556}") = "Fed.Data.CustomerImport", "src\Fed.Data.CustomerImport\Fed.Data.CustomerImport.csproj", "{88D3D0CB-FA9E-49D6-9345-A05D8F9732A0}"
EndProject
Project("{9A19103F-16F7-4668-BE54-9A1E7A4F7556}") = "Fed.Infrastructure", "src\Fed.Infrastructure\Fed.Infrastructure.csproj", "{B3F07372-5F0B-4DEC-8E0D-F2F76B8D0F29}"
EndProject
Project("{9A19103F-16F7-4668-BE54-9A1E7A4F7556}") = "Fed.AzureFunctions.Runner", "src\Fed.AzureFunctions.Runner\Fed.AzureFunctions.Runner.csproj", "{D9930C38-B021-4857-9DB8-D001669861DF}"
EndProject
Project("{9A19103F-16F7-4668-BE54-9A1E7A4F7556}") = "Fed.Web.Service", "src\Fed.Web.Service\Fed.Web.Service.csproj", "{CDC3C848-5AE6-417B-ACAC-4BBD897AB881}"
EndProject
Project("{9A19103F-16F7-4668-BE54-9A1E7A4F7556}") = "Fed.AzureFunctions", "src\Fed.AzureFunctions\Fed.AzureFunctions.csproj", "{1E287DD5-CB25-40F4-9565-C25B43160529}"
EndProject
Project("{9A19103F-16F7-4668-BE54-9A1E7A4F7556}") = "Fed.Web.Service.Client", "src\Fed.Web.Service.Client\Fed.Web.Service.Client.csproj", "{B4D616EF-2927-4D9B-8364-E01934076558}"
EndProject
Project("{9A19103F-16F7-4668-BE54-9A1E7A4F7556}") = "Fed.Label", "src\Fed.Label\Fed.Label.csproj", "{43C1C80F-AAB0-4AB1-B88A-E309D419AA2C}"
EndProject
Project("{9A19103F-16F7-4668-BE54-9A1E7A4F7556}") = "Fed.Tests.Common", "tests\Fed.Tests.Common\Fed.Tests.Common.csproj", "{28EA4681-95D4-4D3D-A990-CFFEACA88DBE}"
EndProject
Project("{9A19103F-16F7-4668-BE54-9A1E7A4F7556}") = "Fed.Tests.Core", "tests\Fed.Tests.Core\Fed.Tests.Core.csproj", "{CCFBB3FA-010D-4AC9-9DC1-E8B42FD12D91}"
EndProject
Project("{9A19103F-16F7-4668-BE54-9A1E7A4F7556}") = "Fed.Tests.Integration", "tests\Fed.Tests.Integration\Fed.Tests.Integration.csproj", "{23CCA69C-15F8-4748-82DC-1C722F9F45BC}"
EndProject
Global
	GlobalSection(SolutionConfigurationPlatforms) = preSolution
		Debug|Any CPU = Debug|Any CPU
		Release|Any CPU = Release|Any CPU
	EndGlobalSection
	GlobalSection(ProjectConfigurationPlatforms) = postSolution
		{C9B830D6-FB67-435E-96E7-41A9C25756BE}.Debug|Any CPU.ActiveCfg = Debug|Any CPU
		{C9B830D6-FB67-435E-96E7-41A9C25756BE}.Debug|Any CPU.Build.0 = Debug|Any CPU
		{C9B830D6-FB67-435E-96E7-41A9C25756BE}.Release|Any CPU.ActiveCfg = Release|Any CPU
		{C9B830D6-FB67-435E-96E7-41A9C25756BE}.Release|Any CPU.Build.0 = Release|Any CPU
		{88540771-D20E-4B97-B7C6-175E022D3151}.Debug|Any CPU.ActiveCfg = Debug|Any CPU
		{88540771-D20E-4B97-B7C6-175E022D3151}.Debug|Any CPU.Build.0 = Debug|Any CPU
		{88540771-D20E-4B97-B7C6-175E022D3151}.Release|Any CPU.ActiveCfg = Release|Any CPU
		{88540771-D20E-4B97-B7C6-175E022D3151}.Release|Any CPU.Build.0 = Release|Any CPU
		{AC806703-DDC5-4129-98EC-51E7C496B4FD}.Debug|Any CPU.ActiveCfg = Debug|Any CPU
		{AC806703-DDC5-4129-98EC-51E7C496B4FD}.Debug|Any CPU.Build.0 = Debug|Any CPU
		{AC806703-DDC5-4129-98EC-51E7C496B4FD}.Release|Any CPU.ActiveCfg = Release|Any CPU
		{AC806703-DDC5-4129-98EC-51E7C496B4FD}.Release|Any CPU.Build.0 = Release|Any CPU
		{F55E9E89-FA71-4A4D-B6DD-89D5D6180C76}.Debug|Any CPU.ActiveCfg = Debug|Any CPU
		{F55E9E89-FA71-4A4D-B6DD-89D5D6180C76}.Debug|Any CPU.Build.0 = Debug|Any CPU
		{F55E9E89-FA71-4A4D-B6DD-89D5D6180C76}.Release|Any CPU.ActiveCfg = Release|Any CPU
		{F55E9E89-FA71-4A4D-B6DD-89D5D6180C76}.Release|Any CPU.Build.0 = Release|Any CPU
		{E080D966-65DB-4B21-B30E-E06123CDB5BC}.Debug|Any CPU.ActiveCfg = Debug|Any CPU
		{E080D966-65DB-4B21-B30E-E06123CDB5BC}.Debug|Any CPU.Build.0 = Debug|Any CPU
		{E080D966-65DB-4B21-B30E-E06123CDB5BC}.Release|Any CPU.ActiveCfg = Release|Any CPU
		{E080D966-65DB-4B21-B30E-E06123CDB5BC}.Release|Any CPU.Build.0 = Release|Any CPU
		{386A0926-E05F-4A51-BB62-3B8CA4857649}.Debug|Any CPU.ActiveCfg = Debug|Any CPU
		{386A0926-E05F-4A51-BB62-3B8CA4857649}.Debug|Any CPU.Build.0 = Debug|Any CPU
		{386A0926-E05F-4A51-BB62-3B8CA4857649}.Release|Any CPU.ActiveCfg = Release|Any CPU
		{386A0926-E05F-4A51-BB62-3B8CA4857649}.Release|Any CPU.Build.0 = Release|Any CPU
		{A37DD6CC-5ABD-41E2-A55B-C7C216DA62F2}.Debug|Any CPU.ActiveCfg = Debug|Any CPU
		{A37DD6CC-5ABD-41E2-A55B-C7C216DA62F2}.Debug|Any CPU.Build.0 = Debug|Any CPU
		{A37DD6CC-5ABD-41E2-A55B-C7C216DA62F2}.Release|Any CPU.ActiveCfg = Release|Any CPU
		{A37DD6CC-5ABD-41E2-A55B-C7C216DA62F2}.Release|Any CPU.Build.0 = Release|Any CPU
		{D85A6EAA-A8FF-4940-90C1-AC63663125EE}.Debug|Any CPU.ActiveCfg = Debug|Any CPU
		{D85A6EAA-A8FF-4940-90C1-AC63663125EE}.Debug|Any CPU.Build.0 = Debug|Any CPU
		{D85A6EAA-A8FF-4940-90C1-AC63663125EE}.Release|Any CPU.ActiveCfg = Release|Any CPU
		{D85A6EAA-A8FF-4940-90C1-AC63663125EE}.Release|Any CPU.Build.0 = Release|Any CPU
		{88D3D0CB-FA9E-49D6-9345-A05D8F9732A0}.Debug|Any CPU.ActiveCfg = Debug|Any CPU
		{88D3D0CB-FA9E-49D6-9345-A05D8F9732A0}.Debug|Any CPU.Build.0 = Debug|Any CPU
		{88D3D0CB-FA9E-49D6-9345-A05D8F9732A0}.Release|Any CPU.ActiveCfg = Release|Any CPU
		{88D3D0CB-FA9E-49D6-9345-A05D8F9732A0}.Release|Any CPU.Build.0 = Release|Any CPU
		{B3F07372-5F0B-4DEC-8E0D-F2F76B8D0F29}.Debug|Any CPU.ActiveCfg = Debug|Any CPU
		{B3F07372-5F0B-4DEC-8E0D-F2F76B8D0F29}.Debug|Any CPU.Build.0 = Debug|Any CPU
		{B3F07372-5F0B-4DEC-8E0D-F2F76B8D0F29}.Release|Any CPU.ActiveCfg = Release|Any CPU
		{B3F07372-5F0B-4DEC-8E0D-F2F76B8D0F29}.Release|Any CPU.Build.0 = Release|Any CPU
		{D9930C38-B021-4857-9DB8-D001669861DF}.Debug|Any CPU.ActiveCfg = Debug|Any CPU
		{D9930C38-B021-4857-9DB8-D001669861DF}.Debug|Any CPU.Build.0 = Debug|Any CPU
		{D9930C38-B021-4857-9DB8-D001669861DF}.Release|Any CPU.ActiveCfg = Release|Any CPU
		{D9930C38-B021-4857-9DB8-D001669861DF}.Release|Any CPU.Build.0 = Release|Any CPU
		{CDC3C848-5AE6-417B-ACAC-4BBD897AB881}.Debug|Any CPU.ActiveCfg = Debug|Any CPU
		{CDC3C848-5AE6-417B-ACAC-4BBD897AB881}.Debug|Any CPU.Build.0 = Debug|Any CPU
		{CDC3C848-5AE6-417B-ACAC-4BBD897AB881}.Release|Any CPU.ActiveCfg = Release|Any CPU
		{CDC3C848-5AE6-417B-ACAC-4BBD897AB881}.Release|Any CPU.Build.0 = Release|Any CPU
		{1E287DD5-CB25-40F4-9565-C25B43160529}.Debug|Any CPU.ActiveCfg = Debug|Any CPU
		{1E287DD5-CB25-40F4-9565-C25B43160529}.Debug|Any CPU.Build.0 = Debug|Any CPU
		{1E287DD5-CB25-40F4-9565-C25B43160529}.Release|Any CPU.ActiveCfg = Release|Any CPU
		{1E287DD5-CB25-40F4-9565-C25B43160529}.Release|Any CPU.Build.0 = Release|Any CPU
		{B4D616EF-2927-4D9B-8364-E01934076558}.Debug|Any CPU.ActiveCfg = Debug|Any CPU
		{B4D616EF-2927-4D9B-8364-E01934076558}.Debug|Any CPU.Build.0 = Debug|Any CPU
		{B4D616EF-2927-4D9B-8364-E01934076558}.Release|Any CPU.ActiveCfg = Release|Any CPU
		{B4D616EF-2927-4D9B-8364-E01934076558}.Release|Any CPU.Build.0 = Release|Any CPU
		{43C1C80F-AAB0-4AB1-B88A-E309D419AA2C}.Debug|Any CPU.ActiveCfg = Debug|Any CPU
		{43C1C80F-AAB0-4AB1-B88A-E309D419AA2C}.Debug|Any CPU.Build.0 = Debug|Any CPU
		{43C1C80F-AAB0-4AB1-B88A-E309D419AA2C}.Release|Any CPU.ActiveCfg = Release|Any CPU
		{43C1C80F-AAB0-4AB1-B88A-E309D419AA2C}.Release|Any CPU.Build.0 = Release|Any CPU
		{28EA4681-95D4-4D3D-A990-CFFEACA88DBE}.Debug|Any CPU.ActiveCfg = Debug|Any CPU
		{28EA4681-95D4-4D3D-A990-CFFEACA88DBE}.Debug|Any CPU.Build.0 = Debug|Any CPU
		{28EA4681-95D4-4D3D-A990-CFFEACA88DBE}.Release|Any CPU.ActiveCfg = Release|Any CPU
		{28EA4681-95D4-4D3D-A990-CFFEACA88DBE}.Release|Any CPU.Build.0 = Release|Any CPU
		{CCFBB3FA-010D-4AC9-9DC1-E8B42FD12D91}.Debug|Any CPU.ActiveCfg = Debug|Any CPU
		{CCFBB3FA-010D-4AC9-9DC1-E8B42FD12D91}.Debug|Any CPU.Build.0 = Debug|Any CPU
		{CCFBB3FA-010D-4AC9-9DC1-E8B42FD12D91}.Release|Any CPU.ActiveCfg = Release|Any CPU
		{CCFBB3FA-010D-4AC9-9DC1-E8B42FD12D91}.Release|Any CPU.Build.0 = Release|Any CPU
		{23CCA69C-15F8-4748-82DC-1C722F9F45BC}.Debug|Any CPU.ActiveCfg = Debug|Any CPU
		{23CCA69C-15F8-4748-82DC-1C722F9F45BC}.Debug|Any CPU.Build.0 = Debug|Any CPU
		{23CCA69C-15F8-4748-82DC-1C722F9F45BC}.Release|Any CPU.ActiveCfg = Release|Any CPU
		{23CCA69C-15F8-4748-82DC-1C722F9F45BC}.Release|Any CPU.Build.0 = Release|Any CPU
	EndGlobalSection
	GlobalSection(SolutionProperties) = preSolution
		HideSolutionNode = FALSE
	EndGlobalSection
	GlobalSection(NestedProjects) = preSolution
		{C9B830D6-FB67-435E-96E7-41A9C25756BE} = {62949E45-F82C-4CE5-8A02-2E931FC25D2A}
		{88540771-D20E-4B97-B7C6-175E022D3151} = {62949E45-F82C-4CE5-8A02-2E931FC25D2A}
		{AC806703-DDC5-4129-98EC-51E7C496B4FD} = {62949E45-F82C-4CE5-8A02-2E931FC25D2A}
		{F55E9E89-FA71-4A4D-B6DD-89D5D6180C76} = {62949E45-F82C-4CE5-8A02-2E931FC25D2A}
		{E080D966-65DB-4B21-B30E-E06123CDB5BC} = {62949E45-F82C-4CE5-8A02-2E931FC25D2A}
		{386A0926-E05F-4A51-BB62-3B8CA4857649} = {62949E45-F82C-4CE5-8A02-2E931FC25D2A}
		{A37DD6CC-5ABD-41E2-A55B-C7C216DA62F2} = {62949E45-F82C-4CE5-8A02-2E931FC25D2A}
		{D85A6EAA-A8FF-4940-90C1-AC63663125EE} = {62949E45-F82C-4CE5-8A02-2E931FC25D2A}
		{88D3D0CB-FA9E-49D6-9345-A05D8F9732A0} = {62949E45-F82C-4CE5-8A02-2E931FC25D2A}
		{B3F07372-5F0B-4DEC-8E0D-F2F76B8D0F29} = {62949E45-F82C-4CE5-8A02-2E931FC25D2A}
		{D9930C38-B021-4857-9DB8-D001669861DF} = {62949E45-F82C-4CE5-8A02-2E931FC25D2A}
		{CDC3C848-5AE6-417B-ACAC-4BBD897AB881} = {62949E45-F82C-4CE5-8A02-2E931FC25D2A}
		{1E287DD5-CB25-40F4-9565-C25B43160529} = {62949E45-F82C-4CE5-8A02-2E931FC25D2A}
		{B4D616EF-2927-4D9B-8364-E01934076558} = {62949E45-F82C-4CE5-8A02-2E931FC25D2A}
		{43C1C80F-AAB0-4AB1-B88A-E309D419AA2C} = {62949E45-F82C-4CE5-8A02-2E931FC25D2A}
		{28EA4681-95D4-4D3D-A990-CFFEACA88DBE} = {78E15E9E-FB0E-484F-859B-C49877D9E3BD}
		{CCFBB3FA-010D-4AC9-9DC1-E8B42FD12D91} = {78E15E9E-FB0E-484F-859B-C49877D9E3BD}
		{23CCA69C-15F8-4748-82DC-1C722F9F45BC} = {78E15E9E-FB0E-484F-859B-C49877D9E3BD}
	EndGlobalSection
EndGlobal
